
Microsoft Visual Studio Solution File, Format Version 12.00
# Visual Studio Version 17
VisualStudioVersion = 17.2.32616.157
MinimumVisualStudioVersion = 10.0.40219.1
Project("{FAE04EC0-301F-11D3-BF4B-00C04F79EFBC}") = "MvcMovie-Core", "MvcMovie-Core\MvcMovie-Core.csproj", "{8425B537-5CAA-4D13-80A9-54F467E94668}"
EndProject
Global
	GlobalSection(SolutionConfigurationPlatforms) = preSolution
		Debug|Any CPU = Debug|Any CPU
		Release|Any CPU = Release|Any CPU
	EndGlobalSection
	GlobalSection(ProjectConfigurationPlatforms) = postSolution
		{8425B537-5CAA-4D13-80A9-54F467E94668}.Debug|Any CPU.ActiveCfg = Debug|Any CPU
		{8425B537-5CAA-4D13-80A9-54F467E94668}.Debug|Any CPU.Build.0 = Debug|Any CPU
		{8425B537-5CAA-4D13-80A9-54F467E94668}.Release|Any CPU.ActiveCfg = Release|Any CPU
		{8425B537-5CAA-4D13-80A9-54F467E94668}.Release|Any CPU.Build.0 = Release|Any CPU
	EndGlobalSection
	GlobalSection(SolutionProperties) = preSolution
		HideSolutionNode = FALSE
	EndGlobalSection
	GlobalSection(ExtensibilityGlobals) = postSolution
		SolutionGuid = {59B8B9C0-019C-4464-A2B3-314796573D73}
	EndGlobalSection
EndGlobal
